{
  "name": "productnotifier",
  "version": "1.0.0",
  "lockfileVersion": 1,
  "requires": true,
  "dependencies": {
    "data-uri-to-buffer": {
      "version": "4.0.0",
      "resolved": "https://registry.npmjs.org/data-uri-to-buffer/-/data-uri-to-buffer-4.0.0.tgz",
      "integrity": "sha512-Vr3mLBA8qWmcuschSLAOogKgQ/Jwxulv3RNE4FXnYWRGujzrRWQI4m12fQqRkwX06C0KanhLr4hK+GydchZsaA=="
    },
    "fast-xml-parser": {
      "version": "3.16.0",
      "resolved": "https://registry.npmjs.org/fast-xml-parser/-/fast-xml-parser-3.16.0.tgz",
      "integrity": "sha512-U+bpScacfgnfNfIKlWHDu4u6rtOaCyxhblOLJ8sZPkhsjgGqdZmVPBhdOyvdMGCDt8CsAv+cssOP3NzQptNt2w=="
    },
    "fetch-blob": {
      "version": "3.1.4",
      "resolved": "https://registry.npmjs.org/fetch-blob/-/fetch-blob-3.1.4.tgz",
      "integrity": "sha512-Eq5Xv5+VlSrYWEqKrusxY1C3Hm/hjeAsCGVG3ft7pZahlUAChpGZT/Ms1WmSLnEAisEXszjzu/s+ce6HZB2VHA==",
      "requires": {
        "node-domexception": "^1.0.0",
        "web-streams-polyfill": "^3.0.3"
      }
    },
    "formdata-polyfill": {
      "version": "4.0.10",
      "resolved": "https://registry.npmjs.org/formdata-polyfill/-/formdata-polyfill-4.0.10.tgz",
      "integrity": "sha512-buewHzMvYL29jdeQTVILecSaZKnt/RJWjoZCF5OW60Z67/GmSLBkOFM7qh1PI3zFNtJbaZL5eQu1vLfazOwj4g==",
      "requires": {
        "fetch-blob": "^3.1.2"
      }
    },
    "growly": {
      "version": "1.3.0",
      "resolved": "https://registry.npmjs.org/growly/-/growly-1.3.0.tgz",
      "integrity": "sha1-8QdIy+dq+WS3yWyTxrzCivEgwIE="
    },
    "is-wsl": {
      "version": "2.1.1",
      "resolved": "https://registry.npmjs.org/is-wsl/-/is-wsl-2.1.1.tgz",
      "integrity": "sha512-umZHcSrwlDHo2TGMXv0DZ8dIUGunZ2Iv68YZnrmCiBPkZ4aaOhtv7pXJKeki9k3qJ3RJr0cDyitcl5wEH3AYog=="
    },
    "isexe": {
      "version": "2.0.0",
      "resolved": "https://registry.npmjs.org/isexe/-/isexe-2.0.0.tgz",
      "integrity": "sha1-6PvzdNxVb/iUehDcsFctYz8s+hA="
    },
    "node-domexception": {
      "version": "1.0.0",
      "resolved": "https://registry.npmjs.org/node-domexception/-/node-domexception-1.0.0.tgz",
      "integrity": "sha512-/jKZoMpw0F8GRwl4/eLROPA3cfcXtLApP0QzLmUT/HuPCZWyB7IY9ZrMeKw2O/nFIqPQB3PVM9aYm0F312AXDQ=="
    },
    "node-fetch": {
      "version": "3.1.1",
      "resolved": "https://registry.npmjs.org/node-fetch/-/node-fetch-3.1.1.tgz",
      "integrity": "sha512-SMk+vKgU77PYotRdWzqZGTZeuFKlsJ0hu4KPviQKkfY+N3vn2MIzr0rvpnYpR8MtB3IEuhlEcuOLbGvLRlA+yg==",
      "requires": {
        "data-uri-to-buffer": "^4.0.0",
        "fetch-blob": "^3.1.3",
        "formdata-polyfill": "^4.0.10"
      }
    },
    "node-notifier": {
      "version": "6.0.0",
      "resolved": "https://registry.npmjs.org/node-notifier/-/node-notifier-6.0.0.tgz",
      "integrity": "sha512-SVfQ/wMw+DesunOm5cKqr6yDcvUTDl/yc97ybGHMrteNEY6oekXpNpS3lZwgLlwz0FLgHoiW28ZpmBHUDg37cw==",
      "requires": {
        "growly": "^1.3.0",
        "is-wsl": "^2.1.1",
        "semver": "^6.3.0",
        "shellwords": "^0.1.1",
        "which": "^1.3.1"
      }
    },
    "object-hash": {
      "version": "2.0.1",
      "resolved": "https://registry.npmjs.org/object-hash/-/object-hash-2.0.1.tgz",
      "integrity": "sha512-HgcGMooY4JC2PBt9sdUdJ6PMzpin+YtY3r/7wg0uTifP+HJWW8rammseSEHuyt0UeShI183UGssCJqm1bJR7QA=="
    },
    "semver": {
      "version": "6.3.0",
      "resolved": "https://registry.npmjs.org/semver/-/semver-6.3.0.tgz",
      "integrity": "sha512-b39TBaTSfV6yBrapU89p5fKekE2m/NwnDocOVruQFS1/veMgdzuPcnOM34M6CwxW8jH/lxEa5rBoDeUwu5HHTw=="
    },
    "shellwords": {
      "version": "0.1.1",
      "resolved": "https://registry.npmjs.org/shellwords/-/shellwords-0.1.1.tgz",
      "integrity": "sha512-vFwSUfQvqybiICwZY5+DAWIPLKsWO31Q91JSKl3UYv+K5c2QRPzn0qzec6QPu1Qc9eHYItiP3NdJqNVqetYAww=="
    },
    "web-streams-polyfill": {
      "version": "3.2.0",
      "resolved": "https://registry.npmjs.org/web-streams-polyfill/-/web-streams-polyfill-3.2.0.tgz",
      "integrity": "sha512-EqPmREeOzttaLRm5HS7io98goBgZ7IVz79aDvqjD0kYXLtFZTc0T/U6wHTPKyIjb+MdN7DFIIX6hgdBEpWmfPA=="
    },
    "which": {
      "version": "1.3.1",
      "resolved": "https://registry.npmjs.org/which/-/which-1.3.1.tgz",
      "integrity": "sha512-HxJdYWq1MTIQbJ3nw0cqssHoTNU267KlrDuGZ1WYlxDStUtKUhOaJmh112/TZmHxxUfuJqPXSOm7tDyas0OSIQ==",
      "requires": {
        "isexe": "^2.0.0"
      }
    }
  }
}
